
Microsoft Visual Studio Solution File, Format Version 10.00
# Visual Studio 2008
Project("{8BC9CEB8-8B4A-11D0-8D11-00A0C91BC942}") = "OpenCVServer", "OpenCVServer\OpenCVServer.vcproj", "{AD50C9FF-E035-4B22-AF0E-4DCCB269849B}"
EndProject
Global
	GlobalSection(SolutionConfigurationPlatforms) = preSolution
		Debug|Win32 = Debug|Win32
		Release|Win32 = Release|Win32
	EndGlobalSection
	GlobalSection(ProjectConfigurationPlatforms) = postSolution
		{AD50C9FF-E035-4B22-AF0E-4DCCB269849B}.Debug|Win32.ActiveCfg = Debug|Win32
		{AD50C9FF-E035-4B22-AF0E-4DCCB269849B}.Debug|Win32.Build.0 = Debug|Win32
		{AD50C9FF-E035-4B22-AF0E-4DCCB269849B}.Release|Win32.ActiveCfg = Release|Win32
		{AD50C9FF-E035-4B22-AF0E-4DCCB269849B}.Release|Win32.Build.0 = Release|Win32
	EndGlobalSection
	GlobalSection(SolutionProperties) = preSolution
		HideSolutionNode = FALSE
	EndGlobalSection
EndGlobal
